Microsoft Visual Studio Solution File, Format Version 11.00
# Visual Studio 2008

Project("{46F86FAA-6BBF-9AC9-4A7E-459509A20ED0}") = "project", "Assembly-CSharp-vs.csproj", "{7CA597AC-799E-2D81-E8A0-0EA9A568434E}"
EndProject
Project("{46F86FAA-6BBF-9AC9-4A7E-459509A20ED0}") = "project", "Assembly-CSharp-Editor-vs.csproj", "{350FE3E3-48A3-F652-05DF-AA9DB89C53B0}"
EndProject
Global
	GlobalSection(SolutionConfigurationPlatforms) = preSolution
		Debug|Any CPU = Debug|Any CPU
		Release|Any CPU = Release|Any CPU
	EndGlobalSection
	GlobalSection(ProjectConfigurationPlatforms) = postSolution
		{7CA597AC-799E-2D81-E8A0-0EA9A568434E}.Debug|Any CPU.ActiveCfg = Debug|Any CPU
		{7CA597AC-799E-2D81-E8A0-0EA9A568434E}.Debug|Any CPU.Build.0 = Debug|Any CPU
		{7CA597AC-799E-2D81-E8A0-0EA9A568434E}.Release|Any CPU.ActiveCfg = Release|Any CPU
		{7CA597AC-799E-2D81-E8A0-0EA9A568434E}.Release|Any CPU.Build.0 = Release|Any CPU
		{350FE3E3-48A3-F652-05DF-AA9DB89C53B0}.Debug|Any CPU.ActiveCfg = Debug|Any CPU
		{350FE3E3-48A3-F652-05DF-AA9DB89C53B0}.Debug|Any CPU.Build.0 = Debug|Any CPU
		{350FE3E3-48A3-F652-05DF-AA9DB89C53B0}.Release|Any CPU.ActiveCfg = Release|Any CPU
		{350FE3E3-48A3-F652-05DF-AA9DB89C53B0}.Release|Any CPU.Build.0 = Release|Any CPU
	EndGlobalSection
	GlobalSection(SolutionProperties) = preSolution
		HideSolutionNode = FALSE
	EndGlobalSection
																																																																																																																																																																																																																																																																																																																																																																																																																																																																																																																																																																																																																																																																																																																																																																																																																																																																																																																																																																																															GlobalSection(MonoDevelopProperties) = preSolution
		StartupItem = Assembly-CSharp.csproj
		Policies = $0
		$0.TextStylePolicy = $1
		$1.inheritsSet = null
		$1.scope = text/x-csharp
		$0.CSharpFormattingPolicy = $2
		$2.inheritsSet = Mono
		$2.inheritsScope = text/x-csharp
		$2.scope = text/x-csharp
		$0.TextStylePolicy = $3
		$3.FileWidth = 120
		$3.TabWidth = 4
		$3.EolMarker = Unix
		$3.inheritsSet = Mono
		$3.inheritsScope = text/plain
		$3.scope = text/plain
	EndGlobalSection

EndGlobal
